// !$*UTF8*$!
{
	archiveVersion = 1;
	classes = {
	};
	objectVersion = 77;
	objects = {

/* Begin PBXContainerItemProxy section */
		A54575FE2FD3964D00F2A08A /* PBXContainerItemProxy */ = {
			isa = PBXContainerItemProxy;
			containerPortal = A54575E82FD3964900F2A08A /* Project object */;
			proxyType = 1;
			remoteGlobalIDString = A54575EF2FD3964900F2A08A;
			remoteInfo = "BCA Test Aldino";
		};
		A54576082FD3964D00F2A08A /* PBXContainerItemProxy */ = {
			isa = PBXContainerItemProxy;
			containerPortal = A54575E82FD3964900F2A08A /* Project object */;
			proxyType = 1;
			remoteGlobalIDString = A54575EF2FD3964900F2A08A;
			remoteInfo = "BCA Test Aldino";
		};
/* End PBXContainerItemProxy section */

/* Begin PBXFileReference section */
		A54575F02FD3964900F2A08A /* BCA Test Aldino.app */ = {isa = PBXFileReference; explicitFileType = wrapper.application; includeInIndex = 0; path = "BCA Test Aldino.app"; sourceTree = BUILT_PRODUCTS_DIR; };
		A54575FD2FD3964D00F2A08A /* BCA Test AldinoTests.xctest */ = {isa = PBXFileReference; explicitFileType = wrapper.cfbundle; includeInIndex = 0; path = "BCA Test AldinoTests.xctest"; sourceTree = BUILT_PRODUCTS_DIR; };
		A54576072FD3964D00F2A08A /* BCA Test AldinoUITests.xctest */ = {isa = PBXFileReference; explicitFileType = wrapper.cfbundle; includeInIndex = 0; path = "BCA Test AldinoUITests.xctest"; sourceTree = BUILT_PRODUCTS_DIR; };
/* End PBXFileReference section */

/* Begin PBXFileSystemSynchronizedBuildFileExceptionSet section */
		A54576252FD3988800F2A08A /* Exceptions for "BCA Test Aldino" folder in "BCA Test AldinoTests" target */ = {
			isa = PBXFileSystemSynchronizedBuildFileExceptionSet;
			membershipExceptions = (
				Core/Audio/AudioPlayerManager.swift,
				Core/Network/Endpoint.swift,
				Core/Network/NetworkError.swift,
				Core/Network/NetworkManager.swift,
				Domain/Models/SearchResponse.swift,
				Domain/Models/Song.swift,
				Domain/Repositories/MusicRepository.swift,
				Domain/States/PlayerStatus.swift,
				Domain/States/ViewState.swift,
				Presentation/Components/CachedAsyncImage.swift,
				Presentation/Components/SongRow.swift,
				Presentation/Components/StateView.swift,
				Presentation/Player/PlayerViewModel.swift,
				Presentation/Search/SearchView.swift,
				Presentation/Search/SearchViewModel.swift,
			);
			target = A54575FC2FD3964D00F2A08A /* BCA Test AldinoTests */;
		};
/* End PBXFileSystemSynchronizedBuildFileExceptionSet section */

/* Begin PBXFileSystemSynchronizedRootGroup section */
		A54575F22FD3964900F2A08A /* BCA Test Aldino */ = {
			isa = PBXFileSystemSynchronizedRootGroup;
			exceptions = (
				A54576252FD3988800F2A08A /* Exceptions for "BCA Test Aldino" folder in "BCA Test AldinoTests" target */,
			);
			path = "BCA Test Aldino";
			sourceTree = "<group>";
		};
		A54576002FD3964D00F2A08A /* BCA Test AldinoTests */ = {
			isa = PBXFileSystemSynchronizedRootGroup;
			path = "BCA Test AldinoTests";
			sourceTree = "<group>";
		};
		A545760A2FD3964D00F2A08A /* BCA Test AldinoUITests */ = {
			isa = PBXFileSystemSynchronizedRootGroup;
			path = "BCA Test AldinoUITests";
			sourceTree = "<group>";
		};
/* End PBXFileSystemSynchronizedRootGroup section */

/* Begin PBXFrameworksBuildPhase section */
		A54575ED2FD3964900F2A08A /* Frameworks */ = {
			isa = PBXFrameworksBuildPhase;
			buildActionMask = 2147483647;
			files = (
			);
			runOnlyForDeploymentPostprocessing = 0;
		};
		A54575FA2FD3964D00F2A08A /* Frameworks */ = {
			isa = PBXFrameworksBuildPhase;
			buildActionMask = 2147483647;
			files = (
			);
			runOnlyForDeploymentPostprocessing = 0;
		};
		A54576042FD3964D00F2A08A /* Frameworks */ = {
			isa = PBXFrameworksBuildPhase;
			buildActionMask = 2147483647;
			files = (
			);
			runOnlyForDeploymentPostprocessing = 0;
		};
/* End PBXFrameworksBuildPhase section */

/* Begin PBXGroup section */
		A54575E72FD3964900F2A08A = {
			isa = PBXGroup;
			children = (
				A54575F22FD3964900F2A08A /* BCA Test Aldino */,
				A54576002FD3964D00F2A08A /* BCA Test AldinoTests */,
				A545760A2FD3964D00F2A08A /* BCA Test AldinoUITests */,
				A54575F12FD3964900F2A08A /* Products */,
			);
			sourceTree = "<group>";
		};
		A54575F12FD3964900F2A08A /* Products */ = {
			isa = PBXGroup;
			children = (
				A54575F02FD3964900F2A08A /* BCA Test Aldino.app */,
				A54575FD2FD3964D00F2A08A /* BCA Test AldinoTests.xctest */,
				A54576072FD3964D00F2A08A /* BCA Test AldinoUITests.xctest */,
			);
			name = Products;
			sourceTree = "<group>";
		};
/* End PBXGroup section */

/* Begin PBXNativeTarget section */
		A54575EF2FD3964900F2A08A /* BCA Test Aldino */ = {
			isa = PBXNativeTarget;
			buildConfigurationList = A54576112FD3964D00F2A08A /* Build configuration list for PBXNativeTarget "BCA Test Aldino" */;
			buildPhases = (
				A54575EC2FD3964900F2A08A /* Sources */,
				A54575ED2FD3964900F2A08A /* Frameworks */,
				A54575EE2FD3964900F2A08A /* Resources */,
			);
			buildRules = (
			);
			dependencies = (
			);
			fileSystemSynchronizedGroups = (
				A54575F22FD3964900F2A08A /* BCA Test Aldino */,
			);
			name = "BCA Test Aldino";
			packageProductDependencies = (
			);
			productName = "BCA Test Aldino";
			productReference = A54575F02FD3964900F2A08A /* BCA Test Aldino.app */;
			productType = "com.apple.product-type.application";
		};
		A54575FC2FD3964D00F2A08A /* BCA Test AldinoTests */ = {
			isa = PBXNativeTarget;
			buildConfigurationList = A54576142FD3964D00F2A08A /* Build configuration list for PBXNativeTarget "BCA Test AldinoTests" */;
			buildPhases = (
				A54575F92FD3964D00F2A08A /* Sources */,
				A54575FA2FD3964D00F2A08A /* Frameworks */,
				A54575FB2FD3964D00F2A08A /* Resources */,
			);
			buildRules = (
			);
			dependencies = (
				A54575FF2FD3964D00F2A08A /* PBXTargetDependency */,
			);
			fileSystemSynchronizedGroups = (
				A54576002FD3964D00F2A08A /* BCA Test AldinoTests */,
			);
			name = "BCA Test AldinoTests";
			packageProductDependencies = (
			);
			productName = "BCA Test AldinoTests";
			productReference = A54575FD2FD3964D00F2A08A /* BCA Test AldinoTests.xctest */;
			productType = "com.apple.product-type.bundle.unit-test";
		};
		A54576062FD3964D00F2A08A /* BCA Test AldinoUITests */ = {
			isa = PBXNativeTarget;
			buildConfigurationList = A54576172FD3964D00F2A08A /* Build configuration list for PBXNativeTarget "BCA Test AldinoUITests" */;
			buildPhases = (
				A54576032FD3964D00F2A08A /* Sources */,
				A54576042FD3964D00F2A08A /* Frameworks */,
				A54576052FD3964D00F2A08A /* Resources */,
			);
			buildRules = (
			);
			dependencies = (
				A54576092FD3964D00F2A08A /* PBXTargetDependency */,
			);
			fileSystemSynchronizedGroups = (
				A545760A2FD3964D00F2A08A /* BCA Test AldinoUITests */,
			);
			name = "BCA Test AldinoUITests";
			packageProductDependencies = (
			);
			productName = "BCA Test AldinoUITests";
			productReference = A54576072FD3964D00F2A08A /* BCA Test AldinoUITests.xctest */;
			productType = "com.apple.product-type.bundle.ui-testing";
		};
/* End PBXNativeTarget section */

/* Begin PBXProject section */
		A54575E82FD3964900F2A08A /* Project object */ = {
			isa = PBXProject;
			attributes = {
				BuildIndependentTargetsInParallel = 1;
				LastSwiftUpdateCheck = 2650;
				LastUpgradeCheck = 2650;
				TargetAttributes = {
					A54575EF2FD3964900F2A08A = {
						CreatedOnToolsVersion = 26.5;
					};
					A54575FC2FD3964D00F2A08A = {
						CreatedOnToolsVersion = 26.5;
						TestTargetID = A54575EF2FD3964900F2A08A;
					};
					A54576062FD3964D00F2A08A = {
						CreatedOnToolsVersion = 26.5;
						TestTargetID = A54575EF2FD3964900F2A08A;
					};
				};
			};
			buildConfigurationList = A54575EB2FD3964900F2A08A /* Build configuration list for PBXProject "BCA Test Aldino" */;
			developmentRegion = en;
			hasScannedForEncodings = 0;
			knownRegions = (
				en,
				Base,
			);
			mainGroup = A54575E72FD3964900F2A08A;
			minimizedProjectReferenceProxies = 1;
			preferredProjectObjectVersion = 77;
			productRefGroup = A54575F12FD3964900F2A08A /* Products */;
			projectDirPath = "";
			projectRoot = "";
			targets = (
				A54575EF2FD3964900F2A08A /* BCA Test Aldino */,
				A54575FC2FD3964D00F2A08A /* BCA Test AldinoTests */,
				A54576062FD3964D00F2A08A /* BCA Test AldinoUITests */,
			);
		};
/* End PBXProject section */

/* Begin PBXResourcesBuildPhase section */
		A54575EE2FD3964900F2A08A /* Resources */ = {
			isa = PBXResourcesBuildPhase;
			buildActionMask = 2147483647;
			files = (
			);
			runOnlyForDeploymentPostprocessing = 0;
		};
		A54575FB2FD3964D00F2A08A /* Resources */ = {
			isa = PBXResourcesBuildPhase;
			buildActionMask = 2147483647;
			files = (
			);
			runOnlyForDeploymentPostprocessing = 0;
		};
		A54576052FD3964D00F2A08A /* Resources */ = {
			isa = PBXResourcesBuildPhase;
			buildActionMask = 2147483647;
			files = (
			);
			runOnlyForDeploymentPostprocessing = 0;
		};
/* End PBXResourcesBuildPhase section */

/* Begin PBXSourcesBuildPhase section */
		A54575EC2FD3964900F2A08A /* Sources */ = {
			isa = PBXSourcesBuildPhase;
			buildActionMask = 2147483647;
			files = (
			);
			runOnlyForDeploymentPostprocessing = 0;
		};
		A54575F92FD3964D00F2A08A /* Sources */ = {
			isa = PBXSourcesBuildPhase;
			buildActionMask = 2147483647;
			files = (
			);
			runOnlyForDeploymentPostprocessing = 0;
		};
		A54576032FD3964D00F2A08A /* Sources */ = {
			isa = PBXSourcesBuildPhase;
			buildActionMask = 2147483647;
			files = (
			);
			runOnlyForDeploymentPostprocessing = 0;
		};
/* End PBXSourcesBuildPhase section */

/* Begin PBXTargetDependency section */
		A54575FF2FD3964D00F2A08A /* PBXTargetDependency */ = {
			isa = PBXTargetDependency;
			target = A54575EF2FD3964900F2A08A /* BCA Test Aldino */;
			targetProxy = A54575FE2FD3964D00F2A08A /* PBXContainerItemProxy */;
		};
		A54576092FD3964D00F2A08A /* PBXTargetDependency */ = {
			isa = PBXTargetDependency;
			target = A54575EF2FD3964900F2A08A /* BCA Test Aldino */;
			targetProxy = A54576082FD3964D00F2A08A /* PBXContainerItemProxy */;
		};
/* End PBXTargetDependency section */

/* Begin XCBuildConfiguration section */
		A545760F2FD3964D00F2A08A /* Debug */ = {
			isa = XCBuildConfiguration;
			buildSettings = {
				ALWAYS_SEARCH_USER_PATHS = NO;
				ASSETCATALOG_COMPILER_GENERATE_SWIFT_ASSET_SYMBOL_EXTENSIONS = YES;
				CLANG_ANALYZER_NONNULL = YES;
				CLANG_ANALYZER_NUMBER_OBJECT_CONVERSION = YES_AGGRESSIVE;
				CLANG_CXX_LANGUAGE_STANDARD = "gnu++20";
				CLANG_ENABLE_MODULES = YES;
				CLANG_ENABLE_OBJC_ARC = YES;
				CLANG_ENABLE_OBJC_WEAK = YES;
				CLANG_WARN_BLOCK_CAPTURE_AUTORELEASING = YES;
				CLANG_WARN_BOOL_CONVERSION = YES;
				CLANG_WARN_COMMA = YES;
				CLANG_WARN_CONSTANT_CONVERSION = YES;
				CLANG_WARN_DEPRECATED_OBJC_IMPLEMENTATIONS = YES;
				CLANG_WARN_DIRECT_OBJC_ISA_USAGE = YES_ERROR;
				CLANG_WARN_DOCUMENTATION_COMMENTS = YES;
				CLANG_WARN_EMPTY_BODY = YES;
				CLANG_WARN_ENUM_CONVERSION = YES;
				CLANG_WARN_INFINITE_RECURSION = YES;
				CLANG_WARN_INT_CONVERSION = YES;
				CLANG_WARN_NON_LITERAL_NULL_CONVERSION = YES;
				CLANG_WARN_OBJC_IMPLICIT_RETAIN_SELF = YES;
				CLANG_WARN_OBJC_LITERAL_CONVERSION = YES;
				CLANG_WARN_OBJC_ROOT_CLASS = YES_ERROR;
				CLANG_WARN_QUOTED_INCLUDE_IN_FRAMEWORK_HEADER = YES;
				CLANG_WARN_RANGE_LOOP_ANALYSIS = YES;
				CLANG_WARN_STRICT_PROTOTYPES = YES;
				CLANG_WARN_SUSPICIOUS_MOVE = YES;
				CLANG_WARN_UNGUARDED_AVAILABILITY = YES_AGGRESSIVE;
				CLANG_WARN_UNREACHABLE_CODE = YES;
				CLANG_WARN__DUPLICATE_METHOD_MATCH = YES;
				COPY_PHASE_STRIP = NO;
				DEBUG_INFORMATION_FORMAT = dwarf;
				ENABLE_STRICT_OBJC_MSGSEND = YES;
				ENABLE_TESTABILITY = YES;
				ENABLE_USER_SCRIPT_SANDBOXING = YES;
				GCC_C_LANGUAGE_STANDARD = gnu17;
				GCC_DYNAMIC_NO_PIC = NO;
				GCC_NO_COMMON_BLOCKS = YES;
				GCC_OPTIMIZATION_LEVEL = 0;
				GCC_PREPROCESSOR_DEFINITIONS = (
					"DEBUG=1",
					"$(inherited)",
				);
				GCC_WARN_64_TO_32_BIT_CONVERSION = YES;
				GCC_WARN_ABOUT_RETURN_TYPE = YES_ERROR;
				GCC_WARN_UNDECLARED_SELECTOR = YES;
				GCC_WARN_UNINITIALIZED_AUTOS = YES_AGGRESSIVE;
				GCC_WARN_UNUSED_FUNCTION = YES;
				GCC_WARN_UNUSED_VARIABLE = YES;
				IPHONEOS_DEPLOYMENT_TARGET = 26.5;
				LOCALIZATION_PREFERS_STRING_CATALOGS = YES;
				MTL_ENABLE_DEBUG_INFO = INCLUDE_SOURCE;
				MTL_FAST_MATH = YES;
				ONLY_ACTIVE_ARCH = YES;
				SDKROOT = iphoneos;
				SWIFT_ACTIVE_COMPILATION_CONDITIONS = "DEBUG $(inherited)";
				SWIFT_OPTIMIZATION_LEVEL = "-Onone";
			};
			name = Debug;
		};
		A54576102FD3964D00F2A08A /* Release */ = {
			isa = XCBuildConfiguration;
			buildSettings = {
				ALWAYS_SEARCH_USER_PATHS = NO;
				ASSETCATALOG_COMPILER_GENERATE_SWIFT_ASSET_SYMBOL_EXTENSIONS = YES;
				CLANG_ANALYZER_NONNULL = YES;
				CLANG_ANALYZER_NUMBER_OBJECT_CONVERSION = YES_AGGRESSIVE;
				CLANG_CXX_LANGUAGE_STANDARD = "gnu++20";
				CLANG_ENABLE_MODULES = YES;
				CLANG_ENABLE_OBJC_ARC = YES;
				CLANG_ENABLE_OBJC_WEAK = YES;
				CLANG_WARN_BLOCK_CAPTURE_AUTORELEASING = YES;
				CLANG_WARN_BOOL_CONVERSION = YES;
				CLANG_WARN_COMMA = YES;
				CLANG_WARN_CONSTANT_CONVERSION = YES;
				CLANG_WARN_DEPRECATED_OBJC_IMPLEMENTATIONS = YES;
				CLANG_WARN_DIRECT_OBJC_ISA_USAGE = YES_ERROR;
				CLANG_WARN_DOCUMENTATION_COMMENTS = YES;
				CLANG_WARN_EMPTY_BODY = YES;
				CLANG_WARN_ENUM_CONVERSION = YES;
				CLANG_WARN_INFINITE_RECURSION = YES;
				CLANG_WARN_INT_CONVERSION = YES;
				CLANG_WARN_NON_LITERAL_NULL_CONVERSION = YES;
				CLANG_WARN_OBJC_IMPLICIT_RETAIN_SELF = YES;
				CLANG_WARN_OBJC_LITERAL_CONVERSION = YES;
				CLANG_WARN_OBJC_ROOT_CLASS = YES_ERROR;
				CLANG_WARN_QUOTED_INCLUDE_IN_FRAMEWORK_HEADER = YES;
				CLANG_WARN_RANGE_LOOP_ANALYSIS = YES;
				CLANG_WARN_STRICT_PROTOTYPES = YES;
				CLANG_WARN_SUSPICIOUS_MOVE = YES;
				CLANG_WARN_UNGUARDED_AVAILABILITY = YES_AGGRESSIVE;
				CLANG_WARN_UNREACHABLE_CODE = YES;
				CLANG_WARN__DUPLICATE_METHOD_MATCH = YES;
				COPY_PHASE_STRIP = NO;
				DEBUG_INFORMATION_FORMAT = "dwarf-with-dsym";
				ENABLE_NS_ASSERTIONS = NO;
				ENABLE_STRICT_OBJC_MSGSEND = YES;
				ENABLE_USER_SCRIPT_SANDBOXING = YES;
				GCC_C_LANGUAGE_STANDARD = gnu17;
				GCC_NO_COMMON_BLOCKS = YES;
				GCC_WARN_64_TO_32_BIT_CONVERSION = YES;
				GCC_WARN_ABOUT_RETURN_TYPE = YES_ERROR;
				GCC_WARN_UNDECLARED_SELECTOR = YES;
				GCC_WARN_UNINITIALIZED_AUTOS = YES_AGGRESSIVE;
				GCC_WARN_UNUSED_FUNCTION = YES;
				GCC_WARN_UNUSED_VARIABLE = YES;
				IPHONEOS_DEPLOYMENT_TARGET = 26.5;
				LOCALIZATION_PREFERS_STRING_CATALOGS = YES;
				MTL_ENABLE_DEBUG_INFO = NO;
				MTL_FAST_MATH = YES;
				SDKROOT = iphoneos;
				SWIFT_COMPILATION_MODE = wholemodule;
				VALIDATE_PRODUCT = YES;
			};
			name = Release;
		};
		A54576122FD3964D00F2A08A /* Debug */ = {
			isa = XCBuildConfiguration;
			buildSettings = {
				ASSETCATALOG_COMPILER_APPICON_NAME = AppIcon;
				ASSETCATALOG_COMPILER_GLOBAL_ACCENT_COLOR_NAME = AccentColor;
				CODE_SIGN_STYLE = Automatic;
				CURRENT_PROJECT_VERSION = 1;
				DEVELOPMENT_TEAM = YKQLRUN464;
				ENABLE_PREVIEWS = YES;
				GENERATE_INFOPLIST_FILE = YES;
				INFOPLIST_KEY_UIApplicationSceneManifest_Generation = YES;
				INFOPLIST_KEY_UIApplicationSupportsIndirectInputEvents = YES;
				INFOPLIST_KEY_UILaunchScreen_Generation = YES;
				INFOPLIST_KEY_UISupportedInterfaceOrientations_iPad = "UIInterfaceOrientationPortrait UIInterfaceOrientationPortraitUpsideDown UIInterfaceOrientationLandscapeLeft UIInterfaceOrientationLandscapeRight";
				INFOPLIST_KEY_UISupportedInterfaceOrientations_iPhone = "UIInterfaceOrientationPortrait UIInterfaceOrientationLandscapeLeft UIInterfaceOrientationLandscapeRight";
				IPHONEOS_DEPLOYMENT_TARGET = 18;
				LD_RUNPATH_SEARCH_PATHS = (
					"$(inherited)",
					"@executable_path/Frameworks",
				);
				MARKETING_VERSION = 1.0;
				PRODUCT_BUNDLE_IDENTIFIER = "aldinonid.BCA-Test-Aldino";
				PRODUCT_NAME = "$(TARGET_NAME)";
				STRING_CATALOG_GENERATE_SYMBOLS = YES;
				SWIFT_APPROACHABLE_CONCURRENCY = YES;
				SWIFT_DEFAULT_ACTOR_ISOLATION = MainActor;
				SWIFT_EMIT_LOC_STRINGS = YES;
				SWIFT_UPCOMING_FEATURE_MEMBER_IMPORT_VISIBILITY = YES;
				SWIFT_VERSION = 5.0;
				TARGETED_DEVICE_FAMILY = "1,2";
			};
			name = Debug;
		};
		A54576132FD3964D00F2A08A /* Release */ = {
			isa = XCBuildConfiguration;
			buildSettings = {
				ASSETCATALOG_COMPILER_APPICON_NAME = AppIcon;
				ASSETCATALOG_COMPILER_GLOBAL_ACCENT_COLOR_NAME = AccentColor;
				CODE_SIGN_STYLE = Automatic;
				CURRENT_PROJECT_VERSION = 1;
				DEVELOPMENT_TEAM = YKQLRUN464;
				ENABLE_PREVIEWS = YES;
				GENERATE_INFOPLIST_FILE = YES;
				INFOPLIST_KEY_UIApplicationSceneManifest_Generation = YES;
				INFOPLIST_KEY_UIApplicationSupportsIndirectInputEvents = YES;
				INFOPLIST_KEY_UILaunchScreen_Generation = YES;
				INFOPLIST_KEY_UISupportedInterfaceOrientations_iPad = "UIInterfaceOrientationPortrait UIInterfaceOrientationPortraitUpsideDown UIInterfaceOrientationLandscapeLeft UIInterfaceOrientationLandscapeRight";
				INFOPLIST_KEY_UISupportedInterfaceOrientations_iPhone = "UIInterfaceOrientationPortrait UIInterfaceOrientationLandscapeLeft UIInterfaceOrientationLandscapeRight";
				IPHONEOS_DEPLOYMENT_TARGET = 18;
				LD_RUNPATH_SEARCH_PATHS = (
					"$(inherited)",
					"@executable_path/Frameworks",
				);
				MARKETING_VERSION = 1.0;
				PRODUCT_BUNDLE_IDENTIFIER = "aldinonid.BCA-Test-Aldino";
				PRODUCT_NAME = "$(TARGET_NAME)";
				STRING_CATALOG_GENERATE_SYMBOLS = YES;
				SWIFT_APPROACHABLE_CONCURRENCY = YES;
				SWIFT_DEFAULT_ACTOR_ISOLATION = MainActor;
				SWIFT_EMIT_LOC_STRINGS = YES;
				SWIFT_UPCOMING_FEATURE_MEMBER_IMPORT_VISIBILITY = YES;
				SWIFT_VERSION = 5.0;
				TARGETED_DEVICE_FAMILY = "1,2";
			};
			name = Release;
		};
		A54576152FD3964D00F2A08A /* Debug */ = {
			isa = XCBuildConfiguration;
			buildSettings = {
				BUNDLE_LOADER = "$(TEST_HOST)";
				CODE_SIGN_STYLE = Automatic;
				CURRENT_PROJECT_VERSION = 1;
				GENERATE_INFOPLIST_FILE = YES;
				IPHONEOS_DEPLOYMENT_TARGET = 26.5;
				MARKETING_VERSION = 1.0;
				PRODUCT_BUNDLE_IDENTIFIER = "aldinonid.BCA-Test-AldinoTests";
				PRODUCT_NAME = "$(TARGET_NAME)";
				STRING_CATALOG_GENERATE_SYMBOLS = NO;
				SWIFT_APPROACHABLE_CONCURRENCY = YES;
				SWIFT_EMIT_LOC_STRINGS = NO;
				SWIFT_UPCOMING_FEATURE_MEMBER_IMPORT_VISIBILITY = YES;
				SWIFT_VERSION = 5.0;
				TARGETED_DEVICE_FAMILY = "1,2";
				TEST_HOST = "$(BUILT_PRODUCTS_DIR)/BCA Test Aldino.app/$(BUNDLE_EXECUTABLE_FOLDER_PATH)/BCA Test Aldino";
			};
			name = Debug;
		};
		A54576162FD3964D00F2A08A /* Release */ = {
			isa = XCBuildConfiguration;
			buildSettings = {
				BUNDLE_LOADER = "$(TEST_HOST)";
				CODE_SIGN_STYLE = Automatic;
				CURRENT_PROJECT_VERSION = 1;
				GENERATE_INFOPLIST_FILE = YES;
				IPHONEOS_DEPLOYMENT_TARGET = 26.5;
				MARKETING_VERSION = 1.0;
				PRODUCT_BUNDLE_IDENTIFIER = "aldinonid.BCA-Test-AldinoTests";
				PRODUCT_NAME = "$(TARGET_NAME)";
				STRING_CATALOG_GENERATE_SYMBOLS = NO;
				SWIFT_APPROACHABLE_CONCURRENCY = YES;
				SWIFT_EMIT_LOC_STRINGS = NO;
				SWIFT_UPCOMING_FEATURE_MEMBER_IMPORT_VISIBILITY = YES;
				SWIFT_VERSION = 5.0;
				TARGETED_DEVICE_FAMILY = "1,2";
				TEST_HOST = "$(BUILT_PRODUCTS_DIR)/BCA Test Aldino.app/$(BUNDLE_EXECUTABLE_FOLDER_PATH)/BCA Test Aldino";
			};
			name = Release;
		};
		A54576182FD3964D00F2A08A /* Debug */ = {
			isa = XCBuildConfiguration;
			buildSettings = {
				CODE_SIGN_STYLE = Automatic;
				CURRENT_PROJECT_VERSION = 1;
				GENERATE_INFOPLIST_FILE = YES;
				MARKETING_VERSION = 1.0;
				PRODUCT_BUNDLE_IDENTIFIER = "aldinonid.BCA-Test-AldinoUITests";
				PRODUCT_NAME = "$(TARGET_NAME)";
				STRING_CATALOG_GENERATE_SYMBOLS = NO;
				SWIFT_APPROACHABLE_CONCURRENCY = YES;
				SWIFT_EMIT_LOC_STRINGS = NO;
				SWIFT_UPCOMING_FEATURE_MEMBER_IMPORT_VISIBILITY = YES;
				SWIFT_VERSION = 5.0;
				TARGETED_DEVICE_FAMILY = "1,2";
				TEST_TARGET_NAME = "BCA Test Aldino";
			};
			name = Debug;
		};
		A54576192FD3964D00F2A08A /* Release */ = {
			isa = XCBuildConfiguration;
			buildSettings = {
				CODE_SIGN_STYLE = Automatic;
				CURRENT_PROJECT_VERSION = 1;
				GENERATE_INFOPLIST_FILE = YES;
				MARKETING_VERSION = 1.0;
				PRODUCT_BUNDLE_IDENTIFIER = "aldinonid.BCA-Test-AldinoUITests";
				PRODUCT_NAME = "$(TARGET_NAME)";
				STRING_CATALOG_GENERATE_SYMBOLS = NO;
				SWIFT_APPROACHABLE_CONCURRENCY = YES;
				SWIFT_EMIT_LOC_STRINGS = NO;
				SWIFT_UPCOMING_FEATURE_MEMBER_IMPORT_VISIBILITY = YES;
				SWIFT_VERSION = 5.0;
				TARGETED_DEVICE_FAMILY = "1,2";
				TEST_TARGET_NAME = "BCA Test Aldino";
			};
			name = Release;
		};
/* End XCBuildConfiguration section */

/* Begin XCConfigurationList section */
		A54575EB2FD3964900F2A08A /* Build configuration list for PBXProject "BCA Test Aldino" */ = {
			isa = XCConfigurationList;
			buildConfigurations = (
				A545760F2FD3964D00F2A08A /* Debug */,
				A54576102FD3964D00F2A08A /* Release */,
			);
			defaultConfigurationIsVisible = 0;
			defaultConfigurationName = Release;
		};
		A54576112FD3964D00F2A08A /* Build configuration list for PBXNativeTarget "BCA Test Aldino" */ = {
			isa = XCConfigurationList;
			buildConfigurations = (
				A54576122FD3964D00F2A08A /* Debug */,
				A54576132FD3964D00F2A08A /* Release */,
			);
			defaultConfigurationIsVisible = 0;
			defaultConfigurationName = Release;
		};
		A54576142FD3964D00F2A08A /* Build configuration list for PBXNativeTarget "BCA Test AldinoTests" */ = {
			isa = XCConfigurationList;
			buildConfigurations = (
				A54576152FD3964D00F2A08A /* Debug */,
				A54576162FD3964D00F2A08A /* Release */,
			);
			defaultConfigurationIsVisible = 0;
			defaultConfigurationName = Release;
		};
		A54576172FD3964D00F2A08A /* Build configuration list for PBXNativeTarget "BCA Test AldinoUITests" */ = {
			isa = XCConfigurationList;
			buildConfigurations = (
				A54576182FD3964D00F2A08A /* Debug */,
				A54576192FD3964D00F2A08A /* Release */,
			);
			defaultConfigurationIsVisible = 0;
			defaultConfigurationName = Release;
		};
/* End XCConfigurationList section */
	};
	rootObject = A54575E82FD3964900F2A08A /* Project object */;
}
